// !$*UTF8*$!
{
	archiveVersion = 1;
	classes = {
	};
	objectVersion = 55;
	objects = {

/* Begin PBXBuildFile section */
		475B8A38961A76732D15A5EB /* Pods_Flix.framework in Frameworks */ = {isa = PBXBuildFile; fileRef = B85882644985498E41714AB5 /* Pods_Flix.framework */; };
		4F561C21E9357EA9995AFBB2 /* Pods_FlixUITests.framework in Frameworks */ = {isa = PBXBuildFile; fileRef = FBD350A7298C71DE5FE8CA19 /* Pods_FlixUITests.framework */; };
		C2FBF16C5ED7AF89C59C4D69 /* Pods_FlixTests.framework in Frameworks */ = {isa = PBXBuildFile; fileRef = C0B775CE03F57CACB801F75B /* Pods_FlixTests.framework */; };
		D32DD6D528D4F7780096F1D3 /* MovieCell.swift in Sources */ = {isa = PBXBuildFile; fileRef = D32DD6D428D4F7780096F1D3 /* MovieCell.swift */; };
		D32DD6D828D4FF950096F1D3 /* AlamofireImage in Frameworks */ = {isa = PBXBuildFile; productRef = D32DD6D728D4FF950096F1D3 /* AlamofireImage */; };
		D3695C8628DD256500B8B109 /* MovieDetailsViewController.swift in Sources */ = {isa = PBXBuildFile; fileRef = D3695C8528DD256500B8B109 /* MovieDetailsViewController.swift */; };
		D3695C8828DD8C8900B8B109 /* MovieGridViewController.swift in Sources */ = {isa = PBXBuildFile; fileRef = D3695C8728DD8C8900B8B109 /* MovieGridViewController.swift */; };
		D3695C8C28DD956A00B8B109 /* MovieGridCell.swift in Sources */ = {isa = PBXBuildFile; fileRef = D3695C8B28DD956A00B8B109 /* MovieGridCell.swift */; };
		D36ED01928CDA9DF001A49A7 /* AppDelegate.swift in Sources */ = {isa = PBXBuildFile; fileRef = D36ED01828CDA9DF001A49A7 /* AppDelegate.swift */; };
		D36ED01B28CDA9DF001A49A7 /* SceneDelegate.swift in Sources */ = {isa = PBXBuildFile; fileRef = D36ED01A28CDA9DF001A49A7 /* SceneDelegate.swift */; };
		D36ED01D28CDA9DF001A49A7 /* MoviesViewController.swift in Sources */ = {isa = PBXBuildFile; fileRef = D36ED01C28CDA9DF001A49A7 /* MoviesViewController.swift */; };
		D36ED02028CDA9DF001A49A7 /* Main.storyboard in Resources */ = {isa = PBXBuildFile; fileRef = D36ED01E28CDA9DF001A49A7 /* Main.storyboard */; };
		D36ED02228CDA9E8001A49A7 /* Assets.xcassets in Resources */ = {isa = PBXBuildFile; fileRef = D36ED02128CDA9E8001A49A7 /* Assets.xcassets */; };
		D36ED02528CDA9E8001A49A7 /* LaunchScreen.storyboard in Resources */ = {isa = PBXBuildFile; fileRef = D36ED02328CDA9E8001A49A7 /* LaunchScreen.storyboard */; };
		D36ED03028CDA9E9001A49A7 /* FlixTests.swift in Sources */ = {isa = PBXBuildFile; fileRef = D36ED02F28CDA9E9001A49A7 /* FlixTests.swift */; };
		D36ED03A28CDA9E9001A49A7 /* FlixUITests.swift in Sources */ = {isa = PBXBuildFile; fileRef = D36ED03928CDA9E9001A49A7 /* FlixUITests.swift */; };
		D36ED03C28CDA9E9001A49A7 /* FlixUITestsLaunchTests.swift in Sources */ = {isa = PBXBuildFile; fileRef = D36ED03B28CDA9E9001A49A7 /* FlixUITestsLaunchTests.swift */; };
/* End PBXBuildFile section */

/* Begin PBXContainerItemProxy section */
		D36ED02C28CDA9E9001A49A7 /* PBXContainerItemProxy */ = {
			isa = PBXContainerItemProxy;
			containerPortal = D36ED00D28CDA9DF001A49A7 /* Project object */;
			proxyType = 1;
			remoteGlobalIDString = D36ED01428CDA9DF001A49A7;
			remoteInfo = Flix;
		};
		D36ED03628CDA9E9001A49A7 /* PBXContainerItemProxy */ = {
			isa = PBXContainerItemProxy;
			containerPortal = D36ED00D28CDA9DF001A49A7 /* Project object */;
			proxyType = 1;
			remoteGlobalIDString = D36ED01428CDA9DF001A49A7;
			remoteInfo = Flix;
		};
/* End PBXContainerItemProxy section */

/* Begin PBXFileReference section */
		1AFE19B5B53E2FF10DF86F31 /* Pods-Flix.debug.xcconfig */ = {isa = PBXFileReference; includeInIndex = 1; lastKnownFileType = text.xcconfig; name = "Pods-Flix.debug.xcconfig"; path = "Target Support Files/Pods-Flix/Pods-Flix.debug.xcconfig"; sourceTree = "<group>"; };
		71D6B22A84C19D2A6B966242 /* Pods-FlixTests.debug.xcconfig */ = {isa = PBXFileReference; includeInIndex = 1; lastKnownFileType = text.xcconfig; name = "Pods-FlixTests.debug.xcconfig"; path = "Target Support Files/Pods-FlixTests/Pods-FlixTests.debug.xcconfig"; sourceTree = "<group>"; };
		8E21C384D4E015F75E959A44 /* Pods-FlixUITests.debug.xcconfig */ = {isa = PBXFileReference; includeInIndex = 1; lastKnownFileType = text.xcconfig; name = "Pods-FlixUITests.debug.xcconfig"; path = "Target Support Files/Pods-FlixUITests/Pods-FlixUITests.debug.xcconfig"; sourceTree = "<group>"; };
		B85882644985498E41714AB5 /* Pods_Flix.framework */ = {isa = PBXFileReference; explicitFileType = wrapper.framework; includeInIndex = 0; path = Pods_Flix.framework; sourceTree = BUILT_PRODUCTS_DIR; };
		C0B775CE03F57CACB801F75B /* Pods_FlixTests.framework */ = {isa = PBXFileReference; explicitFileType = wrapper.framework; includeInIndex = 0; path = Pods_FlixTests.framework; sourceTree = BUILT_PRODUCTS_DIR; };
		D32DD6D428D4F7780096F1D3 /* MovieCell.swift */ = {isa = PBXFileReference; lastKnownFileType = sourcecode.swift; path = MovieCell.swift; sourceTree = "<group>"; };
		D3695C8528DD256500B8B109 /* MovieDetailsViewController.swift */ = {isa = PBXFileReference; lastKnownFileType = sourcecode.swift; path = MovieDetailsViewController.swift; sourceTree = "<group>"; };
		D3695C8728DD8C8900B8B109 /* MovieGridViewController.swift */ = {isa = PBXFileReference; lastKnownFileType = sourcecode.swift; path = MovieGridViewController.swift; sourceTree = "<group>"; };
		D3695C8B28DD956A00B8B109 /* MovieGridCell.swift */ = {isa = PBXFileReference; lastKnownFileType = sourcecode.swift; path = MovieGridCell.swift; sourceTree = "<group>"; };
		D36ED01528CDA9DF001A49A7 /* Flix.app */ = {isa = PBXFileReference; explicitFileType = wrapper.application; includeInIndex = 0; path = Flix.app; sourceTree = BUILT_PRODUCTS_DIR; };
		D36ED01828CDA9DF001A49A7 /* AppDelegate.swift */ = {isa = PBXFileReference; lastKnownFileType = sourcecode.swift; path = AppDelegate.swift; sourceTree = "<group>"; };
		D36ED01A28CDA9DF001A49A7 /* SceneDelegate.swift */ = {isa = PBXFileReference; lastKnownFileType = sourcecode.swift; path = SceneDelegate.swift; sourceTree = "<group>"; };
		D36ED01C28CDA9DF001A49A7 /* MoviesViewController.swift */ = {isa = PBXFileReference; lastKnownFileType = sourcecode.swift; path = MoviesViewController.swift; sourceTree = "<group>"; };
		D36ED01F28CDA9DF001A49A7 /* Base */ = {isa = PBXFileReference; lastKnownFileType = file.storyboard; name = Base; path = Base.lproj/Main.storyboard; sourceTree = "<group>"; };
		D36ED02128CDA9E8001A49A7 /* Assets.xcassets */ = {isa = PBXFileReference; lastKnownFileType = folder.assetcatalog; path = Assets.xcassets; sourceTree = "<group>"; };
		D36ED02428CDA9E8001A49A7 /* Base */ = {isa = PBXFileReference; lastKnownFileType = file.storyboard; name = Base; path = Base.lproj/LaunchScreen.storyboard; sourceTree = "<group>"; };
		D36ED02628CDA9E8001A49A7 /* Info.plist */ = {isa = PBXFileReference; lastKnownFileType = text.plist.xml; path = Info.plist; sourceTree = "<group>"; };
		D36ED02B28CDA9E9001A49A7 /* FlixTests.xctest */ = {isa = PBXFileReference; explicitFileType = wrapper.cfbundle; includeInIndex = 0; path = FlixTests.xctest; sourceTree = BUILT_PRODUCTS_DIR; };
		D36ED02F28CDA9E9001A49A7 /* FlixTests.swift */ = {isa = PBXFileReference; lastKnownFileType = sourcecode.swift; path = FlixTests.swift; sourceTree = "<group>"; };
		D36ED03528CDA9E9001A49A7 /* FlixUITests.xctest */ = {isa = PBXFileReference; explicitFileType = wrapper.cfbundle; includeInIndex = 0; path = FlixUITests.xctest; sourceTree = BUILT_PRODUCTS_DIR; };
		D36ED03928CDA9E9001A49A7 /* FlixUITests.swift */ = {isa = PBXFileReference; lastKnownFileType = sourcecode.swift; path = FlixUITests.swift; sourceTree = "<group>"; };
		D36ED03B28CDA9E9001A49A7 /* FlixUITestsLaunchTests.swift */ = {isa = PBXFileReference; lastKnownFileType = sourcecode.swift; path = FlixUITestsLaunchTests.swift; sourceTree = "<group>"; };
		D5E411E61DC91E94F49FFE34 /* Pods-Flix.release.xcconfig */ = {isa = PBXFileReference; includeInIndex = 1; lastKnownFileType = text.xcconfig; name = "Pods-Flix.release.xcconfig"; path = "Target Support Files/Pods-Flix/Pods-Flix.release.xcconfig"; sourceTree = "<group>"; };
		D6825C32A11F6EFDCE608443 /* Pods-FlixTests.release.xcconfig */ = {isa = PBXFileReference; includeInIndex = 1; lastKnownFileType = text.xcconfig; name = "Pods-FlixTests.release.xcconfig"; path = "Target Support Files/Pods-FlixTests/Pods-FlixTests.release.xcconfig"; sourceTree = "<group>"; };
		F4735070BEEF8AC6BF28C2B5 /* Pods-FlixUITests.release.xcconfig */ = {isa = PBXFileReference; includeInIndex = 1; lastKnownFileType = text.xcconfig; name = "Pods-FlixUITests.release.xcconfig"; path = "Target Support Files/Pods-FlixUITests/Pods-FlixUITests.release.xcconfig"; sourceTree = "<group>"; };
		FBD350A7298C71DE5FE8CA19 /* Pods_FlixUITests.framework */ = {isa = PBXFileReference; explicitFileType = wrapper.framework; includeInIndex = 0; path = Pods_FlixUITests.framework; sourceTree = BUILT_PRODUCTS_DIR; };
/* End PBXFileReference section */

/* Begin PBXFrameworksBuildPhase section */
		D36ED01228CDA9DF001A49A7 /* Frameworks */ = {
			isa = PBXFrameworksBuildPhase;
			buildActionMask = 2147483647;
			files = (
				D32DD6D828D4FF950096F1D3 /* AlamofireImage in Frameworks */,
				475B8A38961A76732D15A5EB /* Pods_Flix.framework in Frameworks */,
			);
			runOnlyForDeploymentPostprocessing = 0;
		};
		D36ED02828CDA9E9001A49A7 /* Frameworks */ = {
			isa = PBXFrameworksBuildPhase;
			buildActionMask = 2147483647;
			files = (
				C2FBF16C5ED7AF89C59C4D69 /* Pods_FlixTests.framework in Frameworks */,
			);
			runOnlyForDeploymentPostprocessing = 0;
		};
		D36ED03228CDA9E9001A49A7 /* Frameworks */ = {
			isa = PBXFrameworksBuildPhase;
			buildActionMask = 2147483647;
			files = (
				4F561C21E9357EA9995AFBB2 /* Pods_FlixUITests.framework in Frameworks */,
			);
			runOnlyForDeploymentPostprocessing = 0;
		};
/* End PBXFrameworksBuildPhase section */

/* Begin PBXGroup section */
		B80364B6E35FA1DB116E80F6 /* Pods */ = {
			isa = PBXGroup;
			children = (
				1AFE19B5B53E2FF10DF86F31 /* Pods-Flix.debug.xcconfig */,
				D5E411E61DC91E94F49FFE34 /* Pods-Flix.release.xcconfig */,
				71D6B22A84C19D2A6B966242 /* Pods-FlixTests.debug.xcconfig */,
				D6825C32A11F6EFDCE608443 /* Pods-FlixTests.release.xcconfig */,
				8E21C384D4E015F75E959A44 /* Pods-FlixUITests.debug.xcconfig */,
				F4735070BEEF8AC6BF28C2B5 /* Pods-FlixUITests.release.xcconfig */,
			);
			path = Pods;
			sourceTree = "<group>";
		};
		C7489B282FF6EF5AAB4A9A80 /* Frameworks */ = {
			isa = PBXGroup;
			children = (
				B85882644985498E41714AB5 /* Pods_Flix.framework */,
				C0B775CE03F57CACB801F75B /* Pods_FlixTests.framework */,
				FBD350A7298C71DE5FE8CA19 /* Pods_FlixUITests.framework */,
			);
			name = Frameworks;
			sourceTree = "<group>";
		};
		D36ED00C28CDA9DF001A49A7 = {
			isa = PBXGroup;
			children = (
				D36ED01728CDA9DF001A49A7 /* Flix */,
				D36ED02E28CDA9E9001A49A7 /* FlixTests */,
				D36ED03828CDA9E9001A49A7 /* FlixUITests */,
				D36ED01628CDA9DF001A49A7 /* Products */,
				B80364B6E35FA1DB116E80F6 /* Pods */,
				C7489B282FF6EF5AAB4A9A80 /* Frameworks */,
			);
			sourceTree = "<group>";
		};
		D36ED01628CDA9DF001A49A7 /* Products */ = {
			isa = PBXGroup;
			children = (
				D36ED01528CDA9DF001A49A7 /* Flix.app */,
				D36ED02B28CDA9E9001A49A7 /* FlixTests.xctest */,
				D36ED03528CDA9E9001A49A7 /* FlixUITests.xctest */,
			);
			name = Products;
			sourceTree = "<group>";
		};
		D36ED01728CDA9DF001A49A7 /* Flix */ = {
			isa = PBXGroup;
			children = (
				D36ED01828CDA9DF001A49A7 /* AppDelegate.swift */,
				D36ED01A28CDA9DF001A49A7 /* SceneDelegate.swift */,
				D36ED01C28CDA9DF001A49A7 /* MoviesViewController.swift */,
				D36ED01E28CDA9DF001A49A7 /* Main.storyboard */,
				D36ED02128CDA9E8001A49A7 /* Assets.xcassets */,
				D36ED02328CDA9E8001A49A7 /* LaunchScreen.storyboard */,
				D36ED02628CDA9E8001A49A7 /* Info.plist */,
				D32DD6D428D4F7780096F1D3 /* MovieCell.swift */,
				D3695C8528DD256500B8B109 /* MovieDetailsViewController.swift */,
				D3695C8728DD8C8900B8B109 /* MovieGridViewController.swift */,
				D3695C8B28DD956A00B8B109 /* MovieGridCell.swift */,
			);
			path = Flix;
			sourceTree = "<group>";
		};
		D36ED02E28CDA9E9001A49A7 /* FlixTests */ = {
			isa = PBXGroup;
			children = (
				D36ED02F28CDA9E9001A49A7 /* FlixTests.swift */,
			);
			path = FlixTests;
			sourceTree = "<group>";
		};
		D36ED03828CDA9E9001A49A7 /* FlixUITests */ = {
			isa = PBXGroup;
			children = (
				D36ED03928CDA9E9001A49A7 /* FlixUITests.swift */,
				D36ED03B28CDA9E9001A49A7 /* FlixUITestsLaunchTests.swift */,
			);
			path = FlixUITests;
			sourceTree = "<group>";
		};
/* End PBXGroup section */

/* Begin PBXNativeTarget section */
		D36ED01428CDA9DF001A49A7 /* Flix */ = {
			isa = PBXNativeTarget;
			buildConfigurationList = D36ED03F28CDA9E9001A49A7 /* Build configuration list for PBXNativeTarget "Flix" */;
			buildPhases = (
				E5FF7D649CB7A130E85760AF /* [CP] Check Pods Manifest.lock */,
				D36ED01128CDA9DF001A49A7 /* Sources */,
				D36ED01228CDA9DF001A49A7 /* Frameworks */,
				D36ED01328CDA9DF001A49A7 /* Resources */,
				99861B6EC34414E119425D5B /* [CP] Embed Pods Frameworks */,
			);
			buildRules = (
			);
			dependencies = (
			);
			name = Flix;
			packageProductDependencies = (
				D32DD6D728D4FF950096F1D3 /* AlamofireImage */,
			);
			productName = Flix;
			productReference = D36ED01528CDA9DF001A49A7 /* Flix.app */;
			productType = "com.apple.product-type.application";
		};
		D36ED02A28CDA9E9001A49A7 /* FlixTests */ = {
			isa = PBXNativeTarget;
			buildConfigurationList = D36ED04228CDA9E9001A49A7 /* Build configuration list for PBXNativeTarget "FlixTests" */;
			buildPhases = (
				84FEAB144F419529399922A5 /* [CP] Check Pods Manifest.lock */,
				D36ED02728CDA9E9001A49A7 /* Sources */,
				D36ED02828CDA9E9001A49A7 /* Frameworks */,
				D36ED02928CDA9E9001A49A7 /* Resources */,
			);
			buildRules = (
			);
			dependencies = (
				D36ED02D28CDA9E9001A49A7 /* PBXTargetDependency */,
			);
			name = FlixTests;
			productName = FlixTests;
			productReference = D36ED02B28CDA9E9001A49A7 /* FlixTests.xctest */;
			productType = "com.apple.product-type.bundle.unit-test";
		};
		D36ED03428CDA9E9001A49A7 /* FlixUITests */ = {
			isa = PBXNativeTarget;
			buildConfigurationList = D36ED04528CDA9E9001A49A7 /* Build configuration list for PBXNativeTarget "FlixUITests" */;
			buildPhases = (
				C062BE1C1743BABA68583EED /* [CP] Check Pods Manifest.lock */,
				D36ED03128CDA9E9001A49A7 /* Sources */,
				D36ED03228CDA9E9001A49A7 /* Frameworks */,
				D36ED03328CDA9E9001A49A7 /* Resources */,
			);
			buildRules = (
			);
			dependencies = (
				D36ED03728CDA9E9001A49A7 /* PBXTargetDependency */,
			);
			name = FlixUITests;
			productName = FlixUITests;
			productReference = D36ED03528CDA9E9001A49A7 /* FlixUITests.xctest */;
			productType = "com.apple.product-type.bundle.ui-testing";
		};
/* End PBXNativeTarget section */

/* Begin PBXProject section */
		D36ED00D28CDA9DF001A49A7 /* Project object */ = {
			isa = PBXProject;
			attributes = {
				BuildIndependentTargetsInParallel = 1;
				LastSwiftUpdateCheck = 1340;
				LastUpgradeCheck = 1340;
				TargetAttributes = {
					D36ED01428CDA9DF001A49A7 = {
						CreatedOnToolsVersion = 13.4.1;
					};
					D36ED02A28CDA9E9001A49A7 = {
						CreatedOnToolsVersion = 13.4.1;
						TestTargetID = D36ED01428CDA9DF001A49A7;
					};
					D36ED03428CDA9E9001A49A7 = {
						CreatedOnToolsVersion = 13.4.1;
						TestTargetID = D36ED01428CDA9DF001A49A7;
					};
				};
			};
			buildConfigurationList = D36ED01028CDA9DF001A49A7 /* Build configuration list for PBXProject "Flix" */;
			compatibilityVersion = "Xcode 13.0";
			developmentRegion = en;
			hasScannedForEncodings = 0;
			knownRegions = (
				en,
				Base,
			);
			mainGroup = D36ED00C28CDA9DF001A49A7;
			packageReferences = (
				D32DD6D628D4FF940096F1D3 /* XCRemoteSwiftPackageReference "AlamofireImage" */,
			);
			productRefGroup = D36ED01628CDA9DF001A49A7 /* Products */;
			projectDirPath = "";
			projectRoot = "";
			targets = (
				D36ED01428CDA9DF001A49A7 /* Flix */,
				D36ED02A28CDA9E9001A49A7 /* FlixTests */,
				D36ED03428CDA9E9001A49A7 /* FlixUITests */,
			);
		};
/* End PBXProject section */

/* Begin PBXResourcesBuildPhase section */
		D36ED01328CDA9DF001A49A7 /* Resources */ = {
			isa = PBXResourcesBuildPhase;
			buildActionMask = 2147483647;
			files = (
				D36ED02528CDA9E8001A49A7 /* LaunchScreen.storyboard in Resources */,
				D36ED02228CDA9E8001A49A7 /* Assets.xcassets in Resources */,
				D36ED02028CDA9DF001A49A7 /* Main.storyboard in Resources */,
			);
			runOnlyForDeploymentPostprocessing = 0;
		};
		D36ED02928CDA9E9001A49A7 /* Resources */ = {
			isa = PBXResourcesBuildPhase;
			buildActionMask = 2147483647;
			files = (
			);
			runOnlyForDeploymentPostprocessing = 0;
		};
		D36ED03328CDA9E9001A49A7 /* Resources */ = {
			isa = PBXResourcesBuildPhase;
			buildActionMask = 2147483647;
			files = (
			);
			runOnlyForDeploymentPostprocessing = 0;
		};
/* End PBXResourcesBuildPhase section */

/* Begin PBXShellScriptBuildPhase section */
		84FEAB144F419529399922A5 /* [CP] Check Pods Manifest.lock */ = {
			isa = PBXShellScriptBuildPhase;
			buildActionMask = 2147483647;
			files = (
			);
			inputFileListPaths = (
			);
			inputPaths = (
				"${PODS_PODFILE_DIR_PATH}/Podfile.lock",
				"${PODS_ROOT}/Manifest.lock",
			);
			name = "[CP] Check Pods Manifest.lock";
			outputFileListPaths = (
			);
			outputPaths = (
				"$(DERIVED_FILE_DIR)/Pods-FlixTests-checkManifestLockResult.txt",
			);
			runOnlyForDeploymentPostprocessing = 0;
			shellPath = /bin/sh;
			shellScript = "diff \"${PODS_PODFILE_DIR_PATH}/Podfile.lock\" \"${PODS_ROOT}/Manifest.lock\" > /dev/null\nif [ $? != 0 ] ; then\n    # print error to STDERR\n    echo \"error: The sandbox is not in sync with the Podfile.lock. Run 'pod install' or update your CocoaPods installation.\" >&2\n    exit 1\nfi\n# This output is used by Xcode 'outputs' to avoid re-running this script phase.\necho \"SUCCESS\" > \"${SCRIPT_OUTPUT_FILE_0}\"\n";
			showEnvVarsInLog = 0;
		};
		99861B6EC34414E119425D5B /* [CP] Embed Pods Frameworks */ = {
			isa = PBXShellScriptBuildPhase;
			buildActionMask = 2147483647;
			files = (
			);
			inputFileListPaths = (
				"${PODS_ROOT}/Target Support Files/Pods-Flix/Pods-Flix-frameworks-${CONFIGURATION}-input-files.xcfilelist",
			);
			name = "[CP] Embed Pods Frameworks";
			outputFileListPaths = (
				"${PODS_ROOT}/Target Support Files/Pods-Flix/Pods-Flix-frameworks-${CONFIGURATION}-output-files.xcfilelist",
			);
			runOnlyForDeploymentPostprocessing = 0;
			shellPath = /bin/sh;
			shellScript = "\"${PODS_ROOT}/Target Support Files/Pods-Flix/Pods-Flix-frameworks.sh\"\n";
			showEnvVarsInLog = 0;
		};
		C062BE1C1743BABA68583EED /* [CP] Check Pods Manifest.lock */ = {
			isa = PBXShellScriptBuildPhase;
			buildActionMask = 2147483647;
			files = (
			);
			inputFileListPaths = (
			);
			inputPaths = (
				"${PODS_PODFILE_DIR_PATH}/Podfile.lock",
				"${PODS_ROOT}/Manifest.lock",
			);
			name = "[CP] Check Pods Manifest.lock";
			outputFileListPaths = (
			);
			outputPaths = (
				"$(DERIVED_FILE_DIR)/Pods-FlixUITests-checkManifestLockResult.txt",
			);
			runOnlyForDeploymentPostprocessing = 0;
			shellPath = /bin/sh;
			shellScript = "diff \"${PODS_PODFILE_DIR_PATH}/Podfile.lock\" \"${PODS_ROOT}/Manifest.lock\" > /dev/null\nif [ $? != 0 ] ; then\n    # print error to STDERR\n    echo \"error: The sandbox is not in sync with the Podfile.lock. Run 'pod install' or update your CocoaPods installation.\" >&2\n    exit 1\nfi\n# This output is used by Xcode 'outputs' to avoid re-running this script phase.\necho \"SUCCESS\" > \"${SCRIPT_OUTPUT_FILE_0}\"\n";
			showEnvVarsInLog = 0;
		};
		E5FF7D649CB7A130E85760AF /* [CP] Check Pods Manifest.lock */ = {
			isa = PBXShellScriptBuildPhase;
			buildActionMask = 2147483647;
			files = (
			);
			inputFileListPaths = (
			);
			inputPaths = (
				"${PODS_PODFILE_DIR_PATH}/Podfile.lock",
				"${PODS_ROOT}/Manifest.lock",
			);
			name = "[CP] Check Pods Manifest.lock";
			outputFileListPaths = (
			);
			outputPaths = (
				"$(DERIVED_FILE_DIR)/Pods-Flix-checkManifestLockResult.txt",
			);
			runOnlyForDeploymentPostprocessing = 0;
			shellPath = /bin/sh;
			shellScript = "diff \"${PODS_PODFILE_DIR_PATH}/Podfile.lock\" \"${PODS_ROOT}/Manifest.lock\" > /dev/null\nif [ $? != 0 ] ; then\n    # print error to STDERR\n    echo \"error: The sandbox is not in sync with the Podfile.lock. Run 'pod install' or update your CocoaPods installation.\" >&2\n    exit 1\nfi\n# This output is used by Xcode 'outputs' to avoid re-running this script phase.\necho \"SUCCESS\" > \"${SCRIPT_OUTPUT_FILE_0}\"\n";
			showEnvVarsInLog = 0;
		};
/* End PBXShellScriptBuildPhase section */

/* Begin PBXSourcesBuildPhase section */
		D36ED01128CDA9DF001A49A7 /* Sources */ = {
			isa = PBXSourcesBuildPhase;
			buildActionMask = 2147483647;
			files = (
				D3695C8628DD256500B8B109 /* MovieDetailsViewController.swift in Sources */,
				D36ED01D28CDA9DF001A49A7 /* MoviesViewController.swift in Sources */,
				D36ED01928CDA9DF001A49A7 /* AppDelegate.swift in Sources */,
				D32DD6D528D4F7780096F1D3 /* MovieCell.swift in Sources */,
				D36ED01B28CDA9DF001A49A7 /* SceneDelegate.swift in Sources */,
				D3695C8828DD8C8900B8B109 /* MovieGridViewController.swift in Sources */,
				D3695C8C28DD956A00B8B109 /* MovieGridCell.swift in Sources */,
			);
			runOnlyForDeploymentPostprocessing = 0;
		};
		D36ED02728CDA9E9001A49A7 /* Sources */ = {
			isa = PBXSourcesBuildPhase;
			buildActionMask = 2147483647;
			files = (
				D36ED03028CDA9E9001A49A7 /* FlixTests.swift in Sources */,
			);
			runOnlyForDeploymentPostprocessing = 0;
		};
		D36ED03128CDA9E9001A49A7 /* Sources */ = {
			isa = PBXSourcesBuildPhase;
			buildActionMask = 2147483647;
			files = (
				D36ED03A28CDA9E9001A49A7 /* FlixUITests.swift in Sources */,
				D36ED03C28CDA9E9001A49A7 /* FlixUITestsLaunchTests.swift in Sources */,
			);
			runOnlyForDeploymentPostprocessing = 0;
		};
/* End PBXSourcesBuildPhase section */

/* Begin PBXTargetDependency section */
		D36ED02D28CDA9E9001A49A7 /* PBXTargetDependency */ = {
			isa = PBXTargetDependency;
			target = D36ED01428CDA9DF001A49A7 /* Flix */;
			targetProxy = D36ED02C28CDA9E9001A49A7 /* PBXContainerItemProxy */;
		};
		D36ED03728CDA9E9001A49A7 /* PBXTargetDependency */ = {
			isa = PBXTargetDependency;
			target = D36ED01428CDA9DF001A49A7 /* Flix */;
			targetProxy = D36ED03628CDA9E9001A49A7 /* PBXContainerItemProxy */;
		};
/* End PBXTargetDependency section */

/* Begin PBXVariantGroup section */
		D36ED01E28CDA9DF001A49A7 /* Main.storyboard */ = {
			isa = PBXVariantGroup;
			children = (
				D36ED01F28CDA9DF001A49A7 /* Base */,
			);
			name = Main.storyboard;
			sourceTree = "<group>";
		};
		D36ED02328CDA9E8001A49A7 /* LaunchScreen.storyboard */ = {
			isa = PBXVariantGroup;
			children = (
				D36ED02428CDA9E8001A49A7 /* Base */,
			);
			name = LaunchScreen.storyboard;
			sourceTree = "<group>";
		};
/* End PBXVariantGroup section */

/* Begin XCBuildConfiguration section */
		D36ED03D28CDA9E9001A49A7 /* Debug */ = {
			isa = XCBuildConfiguration;
			buildSettings = {
				ALWAYS_SEARCH_USER_PATHS = NO;
				CLANG_ANALYZER_NONNULL = YES;
				CLANG_ANALYZER_NUMBER_OBJECT_CONVERSION = YES_AGGRESSIVE;
				CLANG_CXX_LANGUAGE_STANDARD = "gnu++17";
				CLANG_ENABLE_MODULES = YES;
				CLANG_ENABLE_OBJC_ARC = YES;
				CLANG_ENABLE_OBJC_WEAK = YES;
				CLANG_WARN_BLOCK_CAPTURE_AUTORELEASING = YES;
				CLANG_WARN_BOOL_CONVERSION = YES;
				CLANG_WARN_COMMA = YES;
				CLANG_WARN_CONSTANT_CONVERSION = YES;
				CLANG_WARN_DEPRECATED_OBJC_IMPLEMENTATIONS = YES;
				CLANG_WARN_DIRECT_OBJC_ISA_USAGE = YES_ERROR;
				CLANG_WARN_DOCUMENTATION_COMMENTS = YES;
				CLANG_WARN_EMPTY_BODY = YES;
				CLANG_WARN_ENUM_CONVERSION = YES;
				CLANG_WARN_INFINITE_RECURSION = YES;
				CLANG_WARN_INT_CONVERSION = YES;
				CLANG_WARN_NON_LITERAL_NULL_CONVERSION = YES;
				CLANG_WARN_OBJC_IMPLICIT_RETAIN_SELF = YES;
				CLANG_WARN_OBJC_LITERAL_CONVERSION = YES;
				CLANG_WARN_OBJC_ROOT_CLASS = YES_ERROR;
				CLANG_WARN_QUOTED_INCLUDE_IN_FRAMEWORK_HEADER = YES;
				CLANG_WARN_RANGE_LOOP_ANALYSIS = YES;
				CLANG_WARN_STRICT_PROTOTYPES = YES;
				CLANG_WARN_SUSPICIOUS_MOVE = YES;
				CLANG_WARN_UNGUARDED_AVAILABILITY = YES_AGGRESSIVE;
				CLANG_WARN_UNREACHABLE_CODE = YES;
				CLANG_WARN__DUPLICATE_METHOD_MATCH = YES;
				COPY_PHASE_STRIP = NO;
				DEBUG_INFORMATION_FORMAT = dwarf;
				ENABLE_STRICT_OBJC_MSGSEND = YES;
				ENABLE_TESTABILITY = YES;
				GCC_C_LANGUAGE_STANDARD = gnu11;
				GCC_DYNAMIC_NO_PIC = NO;
				GCC_NO_COMMON_BLOCKS = YES;
				GCC_OPTIMIZATION_LEVEL = 0;
				GCC_PREPROCESSOR_DEFINITIONS = (
					"DEBUG=1",
					"$(inherited)",
				);
				GCC_WARN_64_TO_32_BIT_CONVERSION = YES;
				GCC_WARN_ABOUT_RETURN_TYPE = YES_ERROR;
				GCC_WARN_UNDECLARED_SELECTOR = YES;
				GCC_WARN_UNINITIALIZED_AUTOS = YES_AGGRESSIVE;
				GCC_WARN_UNUSED_FUNCTION = YES;
				GCC_WARN_UNUSED_VARIABLE = YES;
				IPHONEOS_DEPLOYMENT_TARGET = 15.5;
				MTL_ENABLE_DEBUG_INFO = INCLUDE_SOURCE;
				MTL_FAST_MATH = YES;
				ONLY_ACTIVE_ARCH = YES;
				SDKROOT = iphoneos;
				SWIFT_ACTIVE_COMPILATION_CONDITIONS = DEBUG;
				SWIFT_OPTIMIZATION_LEVEL = "-Onone";
			};
			name = Debug;
		};
		D36ED03E28CDA9E9001A49A7 /* Release */ = {
			isa = XCBuildConfiguration;
			buildSettings = {
				ALWAYS_SEARCH_USER_PATHS = NO;
				CLANG_ANALYZER_NONNULL = YES;
				CLANG_ANALYZER_NUMBER_OBJECT_CONVERSION = YES_AGGRESSIVE;
				CLANG_CXX_LANGUAGE_STANDARD = "gnu++17";
				CLANG_ENABLE_MODULES = YES;
				CLANG_ENABLE_OBJC_ARC = YES;
				CLANG_ENABLE_OBJC_WEAK = YES;
				CLANG_WARN_BLOCK_CAPTURE_AUTORELEASING = YES;
				CLANG_WARN_BOOL_CONVERSION = YES;
				CLANG_WARN_COMMA = YES;
				CLANG_WARN_CONSTANT_CONVERSION = YES;
				CLANG_WARN_DEPRECATED_OBJC_IMPLEMENTATIONS = YES;
				CLANG_WARN_DIRECT_OBJC_ISA_USAGE = YES_ERROR;
				CLANG_WARN_DOCUMENTATION_COMMENTS = YES;
				CLANG_WARN_EMPTY_BODY = YES;
				CLANG_WARN_ENUM_CONVERSION = YES;
				CLANG_WARN_INFINITE_RECURSION = YES;
				CLANG_WARN_INT_CONVERSION = YES;
				CLANG_WARN_NON_LITERAL_NULL_CONVERSION = YES;
				CLANG_WARN_OBJC_IMPLICIT_RETAIN_SELF = YES;
				CLANG_WARN_OBJC_LITERAL_CONVERSION = YES;
				CLANG_WARN_OBJC_ROOT_CLASS = YES_ERROR;
				CLANG_WARN_QUOTED_INCLUDE_IN_FRAMEWORK_HEADER = YES;
				CLANG_WARN_RANGE_LOOP_ANALYSIS = YES;
				CLANG_WARN_STRICT_PROTOTYPES = YES;
				CLANG_WARN_SUSPICIOUS_MOVE = YES;
				CLANG_WARN_UNGUARDED_AVAILABILITY = YES_AGGRESSIVE;
				CLANG_WARN_UNREACHABLE_CODE = YES;
				CLANG_WARN__DUPLICATE_METHOD_MATCH = YES;
				COPY_PHASE_STRIP = NO;
				DEBUG_INFORMATION_FORMAT = "dwarf-with-dsym";
				ENABLE_NS_ASSERTIONS = NO;
				ENABLE_STRICT_OBJC_MSGSEND = YES;
				GCC_C_LANGUAGE_STANDARD = gnu11;
				GCC_NO_COMMON_BLOCKS = YES;
				GCC_WARN_64_TO_32_BIT_CONVERSION = YES;
				GCC_WARN_ABOUT_RETURN_TYPE = YES_ERROR;
				GCC_WARN_UNDECLARED_SELECTOR = YES;
				GCC_WARN_UNINITIALIZED_AUTOS = YES_AGGRESSIVE;
				GCC_WARN_UNUSED_FUNCTION = YES;
				GCC_WARN_UNUSED_VARIABLE = YES;
				IPHONEOS_DEPLOYMENT_TARGET = 15.5;
				MTL_ENABLE_DEBUG_INFO = NO;
				MTL_FAST_MATH = YES;
				SDKROOT = iphoneos;
				SWIFT_COMPILATION_MODE = wholemodule;
				SWIFT_OPTIMIZATION_LEVEL = "-O";
				VALIDATE_PRODUCT = YES;
			};
			name = Release;
		};
		D36ED04028CDA9E9001A49A7 /* Debug */ = {
			isa = XCBuildConfiguration;
			baseConfigurationReference = 1AFE19B5B53E2FF10DF86F31 /* Pods-Flix.debug.xcconfig */;
			buildSettings = {
				ASSETCATALOG_COMPILER_APPICON_NAME = AppIcon;
				ASSETCATALOG_COMPILER_GLOBAL_ACCENT_COLOR_NAME = AccentColor;
				CODE_SIGN_STYLE = Automatic;
				CURRENT_PROJECT_VERSION = 1;
				DEVELOPMENT_TEAM = 3U633M72TW;
				GENERATE_INFOPLIST_FILE = YES;
				INFOPLIST_FILE = Flix/Info.plist;
				INFOPLIST_KEY_UIApplicationSupportsIndirectInputEvents = YES;
				INFOPLIST_KEY_UILaunchStoryboardName = LaunchScreen;
				INFOPLIST_KEY_UIMainStoryboardFile = Main;
				INFOPLIST_KEY_UISupportedInterfaceOrientations_iPad = "UIInterfaceOrientationPortrait UIInterfaceOrientationPortraitUpsideDown UIInterfaceOrientationLandscapeLeft UIInterfaceOrientationLandscapeRight";
				INFOPLIST_KEY_UISupportedInterfaceOrientations_iPhone = "UIInterfaceOrientationPortrait UIInterfaceOrientationLandscapeLeft UIInterfaceOrientationLandscapeRight";
				LD_RUNPATH_SEARCH_PATHS = (
					"$(inherited)",
					"@executable_path/Frameworks",
				);
				MARKETING_VERSION = 1.0;
				PRODUCT_BUNDLE_IDENTIFIER = com.mmahmut.Flix;
				PRODUCT_NAME = "$(TARGET_NAME)";
				SWIFT_EMIT_LOC_STRINGS = YES;
				SWIFT_VERSION = 5.0;
				TARGETED_DEVICE_FAMILY = "1,2";
			};
			name = Debug;
		};
		D36ED04128CDA9E9001A49A7 /* Release */ = {
			isa = XCBuildConfiguration;
			baseConfigurationReference = D5E411E61DC91E94F49FFE34 /* Pods-Flix.release.xcconfig */;
			buildSettings = {
				ASSETCATALOG_COMPILER_APPICON_NAME = AppIcon;
				ASSETCATALOG_COMPILER_GLOBAL_ACCENT_COLOR_NAME = AccentColor;
				CODE_SIGN_STYLE = Automatic;
				CURRENT_PROJECT_VERSION = 1;
				DEVELOPMENT_TEAM = 3U633M72TW;
				GENERATE_INFOPLIST_FILE = YES;
				INFOPLIST_FILE = Flix/Info.plist;
				INFOPLIST_KEY_UIApplicationSupportsIndirectInputEvents = YES;
				INFOPLIST_KEY_UILaunchStoryboardName = LaunchScreen;
				INFOPLIST_KEY_UIMainStoryboardFile = Main;
				INFOPLIST_KEY_UISupportedInterfaceOrientations_iPad = "UIInterfaceOrientationPortrait UIInterfaceOrientationPortraitUpsideDown UIInterfaceOrientationLandscapeLeft UIInterfaceOrientationLandscapeRight";
				INFOPLIST_KEY_UISupportedInterfaceOrientations_iPhone = "UIInterfaceOrientationPortrait UIInterfaceOrientationLandscapeLeft UIInterfaceOrientationLandscapeRight";
				LD_RUNPATH_SEARCH_PATHS = (
					"$(inherited)",
					"@executable_path/Frameworks",
				);
				MARKETING_VERSION = 1.0;
				PRODUCT_BUNDLE_IDENTIFIER = com.mmahmut.Flix;
				PRODUCT_NAME = "$(TARGET_NAME)";
				SWIFT_EMIT_LOC_STRINGS = YES;
				SWIFT_VERSION = 5.0;
				TARGETED_DEVICE_FAMILY = "1,2";
			};
			name = Release;
		};
		D36ED04328CDA9E9001A49A7 /* Debug */ = {
			isa = XCBuildConfiguration;
			baseConfigurationReference = 71D6B22A84C19D2A6B966242 /* Pods-FlixTests.debug.xcconfig */;
			buildSettings = {
				ALWAYS_EMBED_SWIFT_STANDARD_LIBRARIES = YES;
				BUNDLE_LOADER = "$(TEST_HOST)";
				CODE_SIGN_STYLE = Automatic;
				CURRENT_PROJECT_VERSION = 1;
				DEVELOPMENT_TEAM = 3U633M72TW;
				GENERATE_INFOPLIST_FILE = YES;
				IPHONEOS_DEPLOYMENT_TARGET = 15.5;
				MARKETING_VERSION = 1.0;
				PRODUCT_BUNDLE_IDENTIFIER = com.mmahmut.FlixTests;
				PRODUCT_NAME = "$(TARGET_NAME)";
				SWIFT_EMIT_LOC_STRINGS = NO;
				SWIFT_VERSION = 5.0;
				TARGETED_DEVICE_FAMILY = "1,2";
				TEST_HOST = "$(BUILT_PRODUCTS_DIR)/Flix.app/Flix";
			};
			name = Debug;
		};
		D36ED04428CDA9E9001A49A7 /* Release */ = {
			isa = XCBuildConfiguration;
			baseConfigurationReference = D6825C32A11F6EFDCE608443 /* Pods-FlixTests.release.xcconfig */;
			buildSettings = {
				ALWAYS_EMBED_SWIFT_STANDARD_LIBRARIES = YES;
				BUNDLE_LOADER = "$(TEST_HOST)";
				CODE_SIGN_STYLE = Automatic;
				CURRENT_PROJECT_VERSION = 1;
				DEVELOPMENT_TEAM = 3U633M72TW;
				GENERATE_INFOPLIST_FILE = YES;
				IPHONEOS_DEPLOYMENT_TARGET = 15.5;
				MARKETING_VERSION = 1.0;
				PRODUCT_BUNDLE_IDENTIFIER = com.mmahmut.FlixTests;
				PRODUCT_NAME = "$(TARGET_NAME)";
				SWIFT_EMIT_LOC_STRINGS = NO;
				SWIFT_VERSION = 5.0;
				TARGETED_DEVICE_FAMILY = "1,2";
				TEST_HOST = "$(BUILT_PRODUCTS_DIR)/Flix.app/Flix";
			};
			name = Release;
		};
		D36ED04628CDA9E9001A49A7 /* Debug */ = {
			isa = XCBuildConfiguration;
			baseConfigurationReference = 8E21C384D4E015F75E959A44 /* Pods-FlixUITests.debug.xcconfig */;
			buildSettings = {
				ALWAYS_EMBED_SWIFT_STANDARD_LIBRARIES = YES;
				CODE_SIGN_STYLE = Automatic;
				CURRENT_PROJECT_VERSION = 1;
				DEVELOPMENT_TEAM = 3U633M72TW;
				GENERATE_INFOPLIST_FILE = YES;
				MARKETING_VERSION = 1.0;
				PRODUCT_BUNDLE_IDENTIFIER = com.mmahmut.FlixUITests;
				PRODUCT_NAME = "$(TARGET_NAME)";
				SWIFT_EMIT_LOC_STRINGS = NO;
				SWIFT_VERSION = 5.0;
				TARGETED_DEVICE_FAMILY = "1,2";
				TEST_TARGET_NAME = Flix;
			};
			name = Debug;
		};
		D36ED04728CDA9E9001A49A7 /* Release */ = {
			isa = XCBuildConfiguration;
			baseConfigurationReference = F4735070BEEF8AC6BF28C2B5 /* Pods-FlixUITests.release.xcconfig */;
			buildSettings = {
				ALWAYS_EMBED_SWIFT_STANDARD_LIBRARIES = YES;
				CODE_SIGN_STYLE = Automatic;
				CURRENT_PROJECT_VERSION = 1;
				DEVELOPMENT_TEAM = 3U633M72TW;
				GENERATE_INFOPLIST_FILE = YES;
				MARKETING_VERSION = 1.0;
				PRODUCT_BUNDLE_IDENTIFIER = com.mmahmut.FlixUITests;
				PRODUCT_NAME = "$(TARGET_NAME)";
				SWIFT_EMIT_LOC_STRINGS = NO;
				SWIFT_VERSION = 5.0;
				TARGETED_DEVICE_FAMILY = "1,2";
				TEST_TARGET_NAME = Flix;
			};
			name = Release;
		};
/* End XCBuildConfiguration section */

/* Begin XCConfigurationList section */
		D36ED01028CDA9DF001A49A7 /* Build configuration list for PBXProject "Flix" */ = {
			isa = XCConfigurationList;
			buildConfigurations = (
				D36ED03D28CDA9E9001A49A7 /* Debug */,
				D36ED03E28CDA9E9001A49A7 /* Release */,
			);
			defaultConfigurationIsVisible = 0;
			defaultConfigurationName = Release;
		};
		D36ED03F28CDA9E9001A49A7 /* Build configuration list for PBXNativeTarget "Flix" */ = {
			isa = XCConfigurationList;
			buildConfigurations = (
				D36ED04028CDA9E9001A49A7 /* Debug */,
				D36ED04128CDA9E9001A49A7 /* Release */,
			);
			defaultConfigurationIsVisible = 0;
			defaultConfigurationName = Release;
		};
		D36ED04228CDA9E9001A49A7 /* Build configuration list for PBXNativeTarget "FlixTests" */ = {
			isa = XCConfigurationList;
			buildConfigurations = (
				D36ED04328CDA9E9001A49A7 /* Debug */,
				D36ED04428CDA9E9001A49A7 /* Release */,
			);
			defaultConfigurationIsVisible = 0;
			defaultConfigurationName = Release;
		};
		D36ED04528CDA9E9001A49A7 /* Build configuration list for PBXNativeTarget "FlixUITests" */ = {
			isa = XCConfigurationList;
			buildConfigurations = (
				D36ED04628CDA9E9001A49A7 /* Debug */,
				D36ED04728CDA9E9001A49A7 /* Release */,
			);
			defaultConfigurationIsVisible = 0;
			defaultConfigurationName = Release;
		};
/* End XCConfigurationList section */

/* Begin XCRemoteSwiftPackageReference section */
		D32DD6D628D4FF940096F1D3 /* XCRemoteSwiftPackageReference "AlamofireImage" */ = {
			isa = XCRemoteSwiftPackageReference;
			repositoryURL = "https://github.com/Alamofire/AlamofireImage";
			requirement = {
				kind = upToNextMajorVersion;
				minimumVersion = 4.0.0;
			};
		};
/* End XCRemoteSwiftPackageReference section */

/* Begin XCSwiftPackageProductDependency section */
		D32DD6D728D4FF950096F1D3 /* AlamofireImage */ = {
			isa = XCSwiftPackageProductDependency;
			package = D32DD6D628D4FF940096F1D3 /* XCRemoteSwiftPackageReference "AlamofireImage" */;
			productName = AlamofireImage;
		};
/* End XCSwiftPackageProductDependency section */
	};
	rootObject = D36ED00D28CDA9DF001A49A7 /* Project object */;
}
